
Microsoft Visual Studio Solution File, Format Version 12.00
# Visual Studio Version 17
VisualStudioVersion = 17.5.33516.290
MinimumVisualStudioVersion = 10.0.40219.1
Project("{9A19103F-16F7-4668-BE54-9A1E7A4F7556}") = "CarRental.Web", "CarRental.Web\CarRental.Web.csproj", "{7F9C1499-EB43-4852-8E72-46F60346C05F}"
EndProject
Global
	GlobalSection(SolutionConfigurationPlatforms) = preSolution
		Debug|Any CPU = Debug|Any CPU
		Release|Any CPU = Release|Any CPU
	EndGlobalSection
	GlobalSection(ProjectConfigurationPlatforms) = postSolution
		{7F9C1499-EB43-4852-8E72-46F60346C05F}.Debug|Any CPU.ActiveCfg = Debug|Any CPU
		{7F9C1499-EB43-4852-8E72-46F60346C05F}.Debug|Any CPU.Build.0 = Debug|Any CPU
		{7F9C1499-EB43-4852-8E72-46F60346C05F}.Release|Any CPU.ActiveCfg = Release|Any CPU
		{7F9C1499-EB43-4852-8E72-46F60346C05F}.Release|Any CPU.Build.0 = Release|Any CPU
	EndGlobalSection
	GlobalSection(SolutionProperties) = preSolution
		HideSolutionNode = FALSE
	EndGlobalSection
	GlobalSection(ExtensibilityGlobals) = postSolution
		SolutionGuid = {CE6DB40D-5443-4B18-8F2B-D465868ADB92}
	EndGlobalSection
EndGlobal
